
Microsoft Visual Studio Solution File, Format Version 12.00
# Visual Studio Version 17
VisualStudioVersion = 17.14.36127.28 d17.14
MinimumVisualStudioVersion = 10.0.40219.1
Project("{FAE04EC0-301F-11D3-BF4B-00C04F79EFBC}") = "HashSetProgram", "HashSetProgram\HashSetProgram.csproj", "{ABEA036F-6153-427B-90B4-6FCB0501006C}"
EndProject
Global
	GlobalSection(SolutionConfigurationPlatforms) = preSolution
		Debug|Any CPU = Debug|Any CPU
		Release|Any CPU = Release|Any CPU
	EndGlobalSection
	GlobalSection(ProjectConfigurationPlatforms) = postSolution
		{ABEA036F-6153-427B-90B4-6FCB0501006C}.Debug|Any CPU.ActiveCfg = Debug|Any CPU
		{ABEA036F-6153-427B-90B4-6FCB0501006C}.Debug|Any CPU.Build.0 = Debug|Any CPU
		{ABEA036F-6153-427B-90B4-6FCB0501006C}.Release|Any CPU.ActiveCfg = Release|Any CPU
		{ABEA036F-6153-427B-90B4-6FCB0501006C}.Release|Any CPU.Build.0 = Release|Any CPU
	EndGlobalSection
	GlobalSection(SolutionProperties) = preSolution
		HideSolutionNode = FALSE
	EndGlobalSection
	GlobalSection(ExtensibilityGlobals) = postSolution
		SolutionGuid = {EC78E6E8-57CD-440B-9F8B-83E8D6E55730}
	EndGlobalSection
EndGlobal
